// !$*UTF8*$!
{
	archiveVersion = 1;
	classes = {
	};
	objectVersion = 50;
	objects = {

/* Begin PBXBuildFile section */
		301803FD211731D20056DB22 /* EpisodesController.swift in Sources */ = {isa = PBXBuildFile; fileRef = 301803FC211731D20056DB22 /* EpisodesController.swift */; };
		301803FF211824670056DB22 /* Episode.swift in Sources */ = {isa = PBXBuildFile; fileRef = 301803FE211824670056DB22 /* Episode.swift */; };
		30180402211825C60056DB22 /* EpisodeCell.swift in Sources */ = {isa = PBXBuildFile; fileRef = 30180400211825C60056DB22 /* EpisodeCell.swift */; };
		30180403211825C60056DB22 /* EpisodeCell.xib in Resources */ = {isa = PBXBuildFile; fileRef = 30180401211825C60056DB22 /* EpisodeCell.xib */; };
		30180406211832DB0056DB22 /* String.swift in Sources */ = {isa = PBXBuildFile; fileRef = 30180405211832DB0056DB22 /* String.swift */; };
		30180408211833AA0056DB22 /* RSSFeed.swift in Sources */ = {isa = PBXBuildFile; fileRef = 30180407211833AA0056DB22 /* RSSFeed.swift */; };
		3018040A211839E70056DB22 /* PlayerDetailsView.xib in Resources */ = {isa = PBXBuildFile; fileRef = 30180409211839E70056DB22 /* PlayerDetailsView.xib */; };
		3018040C21183C5D0056DB22 /* PlayerDetailsView.swift in Sources */ = {isa = PBXBuildFile; fileRef = 3018040B21183C5D0056DB22 /* PlayerDetailsView.swift */; };
		304A56902116A71B00B13048 /* APIService.swift in Sources */ = {isa = PBXBuildFile; fileRef = 304A568F2116A71B00B13048 /* APIService.swift */; };
		304CF6992115795F005E3959 /* AppDelegate.swift in Sources */ = {isa = PBXBuildFile; fileRef = 304CF6982115795F005E3959 /* AppDelegate.swift */; };
		304CF69B2115795F005E3959 /* ViewController.swift in Sources */ = {isa = PBXBuildFile; fileRef = 304CF69A2115795F005E3959 /* ViewController.swift */; };
		304CF69E2115795F005E3959 /* Main.storyboard in Resources */ = {isa = PBXBuildFile; fileRef = 304CF69C2115795F005E3959 /* Main.storyboard */; };
		304CF6A021157960005E3959 /* Assets.xcassets in Resources */ = {isa = PBXBuildFile; fileRef = 304CF69F21157960005E3959 /* Assets.xcassets */; };
		304CF6A321157960005E3959 /* LaunchScreen.storyboard in Resources */ = {isa = PBXBuildFile; fileRef = 304CF6A121157960005E3959 /* LaunchScreen.storyboard */; };
		304CF6AB211579D0005E3959 /* MainTabBarController.swift in Sources */ = {isa = PBXBuildFile; fileRef = 304CF6AA211579D0005E3959 /* MainTabBarController.swift */; };
		304CF6AE21158307005E3959 /* PodcastSearchController.swift in Sources */ = {isa = PBXBuildFile; fileRef = 304CF6AD21158307005E3959 /* PodcastSearchController.swift */; };
		304CF6B12115838B005E3959 /* Podcast.swift in Sources */ = {isa = PBXBuildFile; fileRef = 304CF6B02115838B005E3959 /* Podcast.swift */; };
		3055B672211978C00062F598 /* CMTime.swift in Sources */ = {isa = PBXBuildFile; fileRef = 3055B671211978C00062F598 /* CMTime.swift */; };
		30AB2B5B2116B510004A7B4A /* PodcastCell.xib in Resources */ = {isa = PBXBuildFile; fileRef = 30AB2B5A2116B510004A7B4A /* PodcastCell.xib */; };
		30AB2B5D2116B69C004A7B4A /* PodcastCell.swift in Sources */ = {isa = PBXBuildFile; fileRef = 30AB2B5C2116B69C004A7B4A /* PodcastCell.swift */; };
		882F7F86931B40308EE719D5 /* Pods_Podcast2.framework in Frameworks */ = {isa = PBXBuildFile; fileRef = 5EFE2B4CFF4E0A0E77837191 /* Pods_Podcast2.framework */; };
/* End PBXBuildFile section */

/* Begin PBXFileReference section */
		301803FC211731D20056DB22 /* EpisodesController.swift */ = {isa = PBXFileReference; lastKnownFileType = sourcecode.swift; path = EpisodesController.swift; sourceTree = "<group>"; };
		301803FE211824670056DB22 /* Episode.swift */ = {isa = PBXFileReference; lastKnownFileType = sourcecode.swift; path = Episode.swift; sourceTree = "<group>"; };
		30180400211825C60056DB22 /* EpisodeCell.swift */ = {isa = PBXFileReference; lastKnownFileType = sourcecode.swift; path = EpisodeCell.swift; sourceTree = "<group>"; };
		30180401211825C60056DB22 /* EpisodeCell.xib */ = {isa = PBXFileReference; lastKnownFileType = file.xib; path = EpisodeCell.xib; sourceTree = "<group>"; };
		30180405211832DB0056DB22 /* String.swift */ = {isa = PBXFileReference; lastKnownFileType = sourcecode.swift; path = String.swift; sourceTree = "<group>"; };
		30180407211833AA0056DB22 /* RSSFeed.swift */ = {isa = PBXFileReference; lastKnownFileType = sourcecode.swift; path = RSSFeed.swift; sourceTree = "<group>"; };
		30180409211839E70056DB22 /* PlayerDetailsView.xib */ = {isa = PBXFileReference; lastKnownFileType = file.xib; path = PlayerDetailsView.xib; sourceTree = "<group>"; };
		3018040B21183C5D0056DB22 /* PlayerDetailsView.swift */ = {isa = PBXFileReference; lastKnownFileType = sourcecode.swift; path = PlayerDetailsView.swift; sourceTree = "<group>"; };
		304A568F2116A71B00B13048 /* APIService.swift */ = {isa = PBXFileReference; lastKnownFileType = sourcecode.swift; path = APIService.swift; sourceTree = "<group>"; };
		304CF6952115795F005E3959 /* Podcast2.app */ = {isa = PBXFileReference; explicitFileType = wrapper.application; includeInIndex = 0; path = Podcast2.app; sourceTree = BUILT_PRODUCTS_DIR; };
		304CF6982115795F005E3959 /* AppDelegate.swift */ = {isa = PBXFileReference; lastKnownFileType = sourcecode.swift; path = AppDelegate.swift; sourceTree = "<group>"; };
		304CF69A2115795F005E3959 /* ViewController.swift */ = {isa = PBXFileReference; lastKnownFileType = sourcecode.swift; path = ViewController.swift; sourceTree = "<group>"; };
		304CF69D2115795F005E3959 /* Base */ = {isa = PBXFileReference; lastKnownFileType = file.storyboard; name = Base; path = Base.lproj/Main.storyboard; sourceTree = "<group>"; };
		304CF69F21157960005E3959 /* Assets.xcassets */ = {isa = PBXFileReference; lastKnownFileType = folder.assetcatalog; path = Assets.xcassets; sourceTree = "<group>"; };
		304CF6A221157960005E3959 /* Base */ = {isa = PBXFileReference; lastKnownFileType = file.storyboard; name = Base; path = Base.lproj/LaunchScreen.storyboard; sourceTree = "<group>"; };
		304CF6A421157961005E3959 /* Info.plist */ = {isa = PBXFileReference; lastKnownFileType = text.plist.xml; path = Info.plist; sourceTree = "<group>"; };
		304CF6AA211579D0005E3959 /* MainTabBarController.swift */ = {isa = PBXFileReference; lastKnownFileType = sourcecode.swift; path = MainTabBarController.swift; sourceTree = "<group>"; };
		304CF6AD21158307005E3959 /* PodcastSearchController.swift */ = {isa = PBXFileReference; lastKnownFileType = sourcecode.swift; path = PodcastSearchController.swift; sourceTree = "<group>"; };
		304CF6B02115838B005E3959 /* Podcast.swift */ = {isa = PBXFileReference; lastKnownFileType = sourcecode.swift; path = Podcast.swift; sourceTree = "<group>"; };
		3055B671211978C00062F598 /* CMTime.swift */ = {isa = PBXFileReference; lastKnownFileType = sourcecode.swift; path = CMTime.swift; sourceTree = "<group>"; };
		30AB2B5A2116B510004A7B4A /* PodcastCell.xib */ = {isa = PBXFileReference; lastKnownFileType = file.xib; path = PodcastCell.xib; sourceTree = "<group>"; };
		30AB2B5C2116B69C004A7B4A /* PodcastCell.swift */ = {isa = PBXFileReference; lastKnownFileType = sourcecode.swift; path = PodcastCell.swift; sourceTree = "<group>"; };
		5C51551CC2759291C9337EB2 /* Pods-Podcast2.release.xcconfig */ = {isa = PBXFileReference; includeInIndex = 1; lastKnownFileType = text.xcconfig; name = "Pods-Podcast2.release.xcconfig"; path = "Pods/Target Support Files/Pods-Podcast2/Pods-Podcast2.release.xcconfig"; sourceTree = "<group>"; };
		5EFE2B4CFF4E0A0E77837191 /* Pods_Podcast2.framework */ = {isa = PBXFileReference; explicitFileType = wrapper.framework; includeInIndex = 0; path = Pods_Podcast2.framework; sourceTree = BUILT_PRODUCTS_DIR; };
		F231919949166DE31B8D03AC /* Pods-Podcast2.debug.xcconfig */ = {isa = PBXFileReference; includeInIndex = 1; lastKnownFileType = text.xcconfig; name = "Pods-Podcast2.debug.xcconfig"; path = "Pods/Target Support Files/Pods-Podcast2/Pods-Podcast2.debug.xcconfig"; sourceTree = "<group>"; };
/* End PBXFileReference section */

/* Begin PBXFrameworksBuildPhase section */
		304CF6922115795F005E3959 /* Frameworks */ = {
			isa = PBXFrameworksBuildPhase;
			buildActionMask = 2147483647;
			files = (
				882F7F86931B40308EE719D5 /* Pods_Podcast2.framework in Frameworks */,
			);
			runOnlyForDeploymentPostprocessing = 0;
		};
/* End PBXFrameworksBuildPhase section */

/* Begin PBXGroup section */
		30180404211832CC0056DB22 /* Extensions */ = {
			isa = PBXGroup;
			children = (
				30180405211832DB0056DB22 /* String.swift */,
				30180407211833AA0056DB22 /* RSSFeed.swift */,
				3055B671211978C00062F598 /* CMTime.swift */,
			);
			path = Extensions;
			sourceTree = "<group>";
		};
		304A568E2116A70B00B13048 /* API */ = {
			isa = PBXGroup;
			children = (
				304A568F2116A71B00B13048 /* APIService.swift */,
			);
			path = API;
			sourceTree = "<group>";
		};
		304CF68C2115795F005E3959 = {
			isa = PBXGroup;
			children = (
				304CF6972115795F005E3959 /* Podcast2 */,
				304CF6962115795F005E3959 /* Products */,
				5DFB0DCE4DF284AE9CED582B /* Pods */,
				51D3B035559DDFA3539F4C66 /* Frameworks */,
			);
			sourceTree = "<group>";
		};
		304CF6962115795F005E3959 /* Products */ = {
			isa = PBXGroup;
			children = (
				304CF6952115795F005E3959 /* Podcast2.app */,
			);
			name = Products;
			sourceTree = "<group>";
		};
		304CF6972115795F005E3959 /* Podcast2 */ = {
			isa = PBXGroup;
			children = (
				30180404211832CC0056DB22 /* Extensions */,
				304A568E2116A70B00B13048 /* API */,
				304CF6AF2115837A005E3959 /* Models */,
				304CF6AC211582F4005E3959 /* Controllers */,
				30AB2B592116B4EF004A7B4A /* Views */,
				304CF6982115795F005E3959 /* AppDelegate.swift */,
				304CF69A2115795F005E3959 /* ViewController.swift */,
				304CF6AA211579D0005E3959 /* MainTabBarController.swift */,
				304CF69C2115795F005E3959 /* Main.storyboard */,
				304CF69F21157960005E3959 /* Assets.xcassets */,
				304CF6A121157960005E3959 /* LaunchScreen.storyboard */,
				304CF6A421157961005E3959 /* Info.plist */,
			);
			path = Podcast2;
			sourceTree = "<group>";
		};
		304CF6AC211582F4005E3959 /* Controllers */ = {
			isa = PBXGroup;
			children = (
				304CF6AD21158307005E3959 /* PodcastSearchController.swift */,
				301803FC211731D20056DB22 /* EpisodesController.swift */,
			);
			path = Controllers;
			sourceTree = "<group>";
		};
		304CF6AF2115837A005E3959 /* Models */ = {
			isa = PBXGroup;
			children = (
				304CF6B02115838B005E3959 /* Podcast.swift */,
				301803FE211824670056DB22 /* Episode.swift */,
			);
			path = Models;
			sourceTree = "<group>";
		};
		30AB2B592116B4EF004A7B4A /* Views */ = {
			isa = PBXGroup;
			children = (
				30AB2B5A2116B510004A7B4A /* PodcastCell.xib */,
				30AB2B5C2116B69C004A7B4A /* PodcastCell.swift */,
				30180400211825C60056DB22 /* EpisodeCell.swift */,
				30180401211825C60056DB22 /* EpisodeCell.xib */,
				30180409211839E70056DB22 /* PlayerDetailsView.xib */,
				3018040B21183C5D0056DB22 /* PlayerDetailsView.swift */,
			);
			path = Views;
			sourceTree = "<group>";
		};
		51D3B035559DDFA3539F4C66 /* Frameworks */ = {
			isa = PBXGroup;
			children = (
				5EFE2B4CFF4E0A0E77837191 /* Pods_Podcast2.framework */,
			);
			name = Frameworks;
			sourceTree = "<group>";
		};
		5DFB0DCE4DF284AE9CED582B /* Pods */ = {
			isa = PBXGroup;
			children = (
				F231919949166DE31B8D03AC /* Pods-Podcast2.debug.xcconfig */,
				5C51551CC2759291C9337EB2 /* Pods-Podcast2.release.xcconfig */,
			);
			name = Pods;
			sourceTree = "<group>";
		};
/* End PBXGroup section */

/* Begin PBXNativeTarget section */
		304CF6942115795F005E3959 /* Podcast2 */ = {
			isa = PBXNativeTarget;
			buildConfigurationList = 304CF6A721157961005E3959 /* Build configuration list for PBXNativeTarget "Podcast2" */;
			buildPhases = (
				73C8D13626CB6EBFAA5FE1A7 /* [CP] Check Pods Manifest.lock */,
				304CF6912115795F005E3959 /* Sources */,
				304CF6922115795F005E3959 /* Frameworks */,
				304CF6932115795F005E3959 /* Resources */,
				ECEBA39A1A51DF5F7C38A36A /* [CP] Embed Pods Frameworks */,
				C1A0FE901C551FA9C6108388 /* [CP] Copy Pods Resources */,
			);
			buildRules = (
			);
			dependencies = (
			);
			name = Podcast2;
			productName = Podcast2;
			productReference = 304CF6952115795F005E3959 /* Podcast2.app */;
			productType = "com.apple.product-type.application";
		};
/* End PBXNativeTarget section */

/* Begin PBXProject section */
		304CF68D2115795F005E3959 /* Project object */ = {
			isa = PBXProject;
			attributes = {
				LastSwiftUpdateCheck = 0940;
				LastUpgradeCheck = 0940;
				ORGANIZATIONNAME = takahitoyoneda;
				TargetAttributes = {
					304CF6942115795F005E3959 = {
						CreatedOnToolsVersion = 9.4.1;
					};
				};
			};
			buildConfigurationList = 304CF6902115795F005E3959 /* Build configuration list for PBXProject "Podcast2" */;
			compatibilityVersion = "Xcode 9.3";
			developmentRegion = en;
			hasScannedForEncodings = 0;
			knownRegions = (
				en,
				Base,
			);
			mainGroup = 304CF68C2115795F005E3959;
			productRefGroup = 304CF6962115795F005E3959 /* Products */;
			projectDirPath = "";
			projectRoot = "";
			targets = (
				304CF6942115795F005E3959 /* Podcast2 */,
			);
		};
/* End PBXProject section */

/* Begin PBXResourcesBuildPhase section */
		304CF6932115795F005E3959 /* Resources */ = {
			isa = PBXResourcesBuildPhase;
			buildActionMask = 2147483647;
			files = (
				3018040A211839E70056DB22 /* PlayerDetailsView.xib in Resources */,
				304CF6A321157960005E3959 /* LaunchScreen.storyboard in Resources */,
				304CF6A021157960005E3959 /* Assets.xcassets in Resources */,
				30180403211825C60056DB22 /* EpisodeCell.xib in Resources */,
				30AB2B5B2116B510004A7B4A /* PodcastCell.xib in Resources */,
				304CF69E2115795F005E3959 /* Main.storyboard in Resources */,
			);
			runOnlyForDeploymentPostprocessing = 0;
		};
/* End PBXResourcesBuildPhase section */

/* Begin PBXShellScriptBuildPhase section */
		73C8D13626CB6EBFAA5FE1A7 /* [CP] Check Pods Manifest.lock */ = {
			isa = PBXShellScriptBuildPhase;
			buildActionMask = 2147483647;
			files = (
			);
			inputPaths = (
				"${PODS_PODFILE_DIR_PATH}/Podfile.lock",
				"${PODS_ROOT}/Manifest.lock",
			);
			name = "[CP] Check Pods Manifest.lock";
			outputPaths = (
				"$(DERIVED_FILE_DIR)/Pods-Podcast2-checkManifestLockResult.txt",
			);
			runOnlyForDeploymentPostprocessing = 0;
			shellPath = /bin/sh;
			shellScript = "diff \"${PODS_PODFILE_DIR_PATH}/Podfile.lock\" \"${PODS_ROOT}/Manifest.lock\" > /dev/null\nif [ $? != 0 ] ; then\n    # print error to STDERR\n    echo \"error: The sandbox is not in sync with the Podfile.lock. Run 'pod install' or update your CocoaPods installation.\" >&2\n    exit 1\nfi\n# This output is used by Xcode 'outputs' to avoid re-running this script phase.\necho \"SUCCESS\" > \"${SCRIPT_OUTPUT_FILE_0}\"\n";
			showEnvVarsInLog = 0;
		};
		C1A0FE901C551FA9C6108388 /* [CP] Copy Pods Resources */ = {
			isa = PBXShellScriptBuildPhase;
			buildActionMask = 2147483647;
			files = (
			);
			inputPaths = (
			);
			name = "[CP] Copy Pods Resources";
			outputPaths = (
			);
			runOnlyForDeploymentPostprocessing = 0;
			shellPath = /bin/sh;
			shellScript = "\"${SRCROOT}/Pods/Target Support Files/Pods-Podcast2/Pods-Podcast2-resources.sh\"\n";
			showEnvVarsInLog = 0;
		};
		ECEBA39A1A51DF5F7C38A36A /* [CP] Embed Pods Frameworks */ = {
			isa = PBXShellScriptBuildPhase;
			buildActionMask = 2147483647;
			files = (
			);
			inputPaths = (
				"${SRCROOT}/Pods/Target Support Files/Pods-Podcast2/Pods-Podcast2-frameworks.sh",
				"${BUILT_PRODUCTS_DIR}/Alamofire/Alamofire.framework",
				"${BUILT_PRODUCTS_DIR}/FeedKit/FeedKit.framework",
				"${BUILT_PRODUCTS_DIR}/SDWebImage/SDWebImage.framework",
			);
			name = "[CP] Embed Pods Frameworks";
			outputPaths = (
				"${TARGET_BUILD_DIR}/${FRAMEWORKS_FOLDER_PATH}/Alamofire.framework",
				"${TARGET_BUILD_DIR}/${FRAMEWORKS_FOLDER_PATH}/FeedKit.framework",
				"${TARGET_BUILD_DIR}/${FRAMEWORKS_FOLDER_PATH}/SDWebImage.framework",
			);
			runOnlyForDeploymentPostprocessing = 0;
			shellPath = /bin/sh;
			shellScript = "\"${SRCROOT}/Pods/Target Support Files/Pods-Podcast2/Pods-Podcast2-frameworks.sh\"\n";
			showEnvVarsInLog = 0;
		};
/* End PBXShellScriptBuildPhase section */

/* Begin PBXSourcesBuildPhase section */
		304CF6912115795F005E3959 /* Sources */ = {
			isa = PBXSourcesBuildPhase;
			buildActionMask = 2147483647;
			files = (
				30180408211833AA0056DB22 /* RSSFeed.swift in Sources */,
				3018040C21183C5D0056DB22 /* PlayerDetailsView.swift in Sources */,
				304CF6AE21158307005E3959 /* PodcastSearchController.swift in Sources */,
				30180406211832DB0056DB22 /* String.swift in Sources */,
				3055B672211978C00062F598 /* CMTime.swift in Sources */,
				304CF69B2115795F005E3959 /* ViewController.swift in Sources */,
				304CF6992115795F005E3959 /* AppDelegate.swift in Sources */,
				301803FD211731D20056DB22 /* EpisodesController.swift in Sources */,
				304CF6AB211579D0005E3959 /* MainTabBarController.swift in Sources */,
				30180402211825C60056DB22 /* EpisodeCell.swift in Sources */,
				304A56902116A71B00B13048 /* APIService.swift in Sources */,
				304CF6B12115838B005E3959 /* Podcast.swift in Sources */,
				301803FF211824670056DB22 /* Episode.swift in Sources */,
				30AB2B5D2116B69C004A7B4A /* PodcastCell.swift in Sources */,
			);
			runOnlyForDeploymentPostprocessing = 0;
		};
/* End PBXSourcesBuildPhase section */

/* Begin PBXVariantGroup section */
		304CF69C2115795F005E3959 /* Main.storyboard */ = {
			isa = PBXVariantGroup;
			children = (
				304CF69D2115795F005E3959 /* Base */,
			);
			name = Main.storyboard;
			sourceTree = "<group>";
		};
		304CF6A121157960005E3959 /* LaunchScreen.storyboard */ = {
			isa = PBXVariantGroup;
			children = (
				304CF6A221157960005E3959 /* Base */,
			);
			name = LaunchScreen.storyboard;
			sourceTree = "<group>";
		};
/* End PBXVariantGroup section */

/* Begin XCBuildConfiguration section */
		304CF6A521157961005E3959 /* Debug */ = {
			isa = XCBuildConfiguration;
			buildSettings = {
				ALWAYS_SEARCH_USER_PATHS = NO;
				CLANG_ANALYZER_NONNULL = YES;
				CLANG_ANALYZER_NUMBER_OBJECT_CONVERSION = YES_AGGRESSIVE;
				CLANG_CXX_LANGUAGE_STANDARD = "gnu++14";
				CLANG_CXX_LIBRARY = "libc++";
				CLANG_ENABLE_MODULES = YES;
				CLANG_ENABLE_OBJC_ARC = YES;
				CLANG_ENABLE_OBJC_WEAK = YES;
				CLANG_WARN_BLOCK_CAPTURE_AUTORELEASING = YES;
				CLANG_WARN_BOOL_CONVERSION = YES;
				CLANG_WARN_COMMA = YES;
				CLANG_WARN_CONSTANT_CONVERSION = YES;
				CLANG_WARN_DEPRECATED_OBJC_IMPLEMENTATIONS = YES;
				CLANG_WARN_DIRECT_OBJC_ISA_USAGE = YES_ERROR;
				CLANG_WARN_DOCUMENTATION_COMMENTS = YES;
				CLANG_WARN_EMPTY_BODY = YES;
				CLANG_WARN_ENUM_CONVERSION = YES;
				CLANG_WARN_INFINITE_RECURSION = YES;
				CLANG_WARN_INT_CONVERSION = YES;
				CLANG_WARN_NON_LITERAL_NULL_CONVERSION = YES;
				CLANG_WARN_OBJC_IMPLICIT_RETAIN_SELF = YES;
				CLANG_WARN_OBJC_LITERAL_CONVERSION = YES;
				CLANG_WARN_OBJC_ROOT_CLASS = YES_ERROR;
				CLANG_WARN_RANGE_LOOP_ANALYSIS = YES;
				CLANG_WARN_STRICT_PROTOTYPES = YES;
				CLANG_WARN_SUSPICIOUS_MOVE = YES;
				CLANG_WARN_UNGUARDED_AVAILABILITY = YES_AGGRESSIVE;
				CLANG_WARN_UNREACHABLE_CODE = YES;
				CLANG_WARN__DUPLICATE_METHOD_MATCH = YES;
				CODE_SIGN_IDENTITY = "iPhone Developer";
				COPY_PHASE_STRIP = NO;
				DEBUG_INFORMATION_FORMAT = dwarf;
				ENABLE_STRICT_OBJC_MSGSEND = YES;
				ENABLE_TESTABILITY = YES;
				GCC_C_LANGUAGE_STANDARD = gnu11;
				GCC_DYNAMIC_NO_PIC = NO;
				GCC_NO_COMMON_BLOCKS = YES;
				GCC_OPTIMIZATION_LEVEL = 0;
				GCC_PREPROCESSOR_DEFINITIONS = (
					"DEBUG=1",
					"$(inherited)",
				);
				GCC_WARN_64_TO_32_BIT_CONVERSION = YES;
				GCC_WARN_ABOUT_RETURN_TYPE = YES_ERROR;
				GCC_WARN_UNDECLARED_SELECTOR = YES;
				GCC_WARN_UNINITIALIZED_AUTOS = YES_AGGRESSIVE;
				GCC_WARN_UNUSED_FUNCTION = YES;
				GCC_WARN_UNUSED_VARIABLE = YES;
				IPHONEOS_DEPLOYMENT_TARGET = 11.4;
				MTL_ENABLE_DEBUG_INFO = YES;
				ONLY_ACTIVE_ARCH = YES;
				SDKROOT = iphoneos;
				SWIFT_ACTIVE_COMPILATION_CONDITIONS = DEBUG;
				SWIFT_OPTIMIZATION_LEVEL = "-Onone";
			};
			name = Debug;
		};
		304CF6A621157961005E3959 /* Release */ = {
			isa = XCBuildConfiguration;
			buildSettings = {
				ALWAYS_SEARCH_USER_PATHS = NO;
				CLANG_ANALYZER_NONNULL = YES;
				CLANG_ANALYZER_NUMBER_OBJECT_CONVERSION = YES_AGGRESSIVE;
				CLANG_CXX_LANGUAGE_STANDARD = "gnu++14";
				CLANG_CXX_LIBRARY = "libc++";
				CLANG_ENABLE_MODULES = YES;
				CLANG_ENABLE_OBJC_ARC = YES;
				CLANG_ENABLE_OBJC_WEAK = YES;
				CLANG_WARN_BLOCK_CAPTURE_AUTORELEASING = YES;
				CLANG_WARN_BOOL_CONVERSION = YES;
				CLANG_WARN_COMMA = YES;
				CLANG_WARN_CONSTANT_CONVERSION = YES;
				CLANG_WARN_DEPRECATED_OBJC_IMPLEMENTATIONS = YES;
				CLANG_WARN_DIRECT_OBJC_ISA_USAGE = YES_ERROR;
				CLANG_WARN_DOCUMENTATION_COMMENTS = YES;
				CLANG_WARN_EMPTY_BODY = YES;
				CLANG_WARN_ENUM_CONVERSION = YES;
				CLANG_WARN_INFINITE_RECURSION = YES;
				CLANG_WARN_INT_CONVERSION = YES;
				CLANG_WARN_NON_LITERAL_NULL_CONVERSION = YES;
				CLANG_WARN_OBJC_IMPLICIT_RETAIN_SELF = YES;
				CLANG_WARN_OBJC_LITERAL_CONVERSION = YES;
				CLANG_WARN_OBJC_ROOT_CLASS = YES_ERROR;
				CLANG_WARN_RANGE_LOOP_ANALYSIS = YES;
				CLANG_WARN_STRICT_PROTOTYPES = YES;
				CLANG_WARN_SUSPICIOUS_MOVE = YES;
				CLANG_WARN_UNGUARDED_AVAILABILITY = YES_AGGRESSIVE;
				CLANG_WARN_UNREACHABLE_CODE = YES;
				CLANG_WARN__DUPLICATE_METHOD_MATCH = YES;
				CODE_SIGN_IDENTITY = "iPhone Developer";
				COPY_PHASE_STRIP = NO;
				DEBUG_INFORMATION_FORMAT = "dwarf-with-dsym";
				ENABLE_NS_ASSERTIONS = NO;
				ENABLE_STRICT_OBJC_MSGSEND = YES;
				GCC_C_LANGUAGE_STANDARD = gnu11;
				GCC_NO_COMMON_BLOCKS = YES;
				GCC_WARN_64_TO_32_BIT_CONVERSION = YES;
				GCC_WARN_ABOUT_RETURN_TYPE = YES_ERROR;
				GCC_WARN_UNDECLARED_SELECTOR = YES;
				GCC_WARN_UNINITIALIZED_AUTOS = YES_AGGRESSIVE;
				GCC_WARN_UNUSED_FUNCTION = YES;
				GCC_WARN_UNUSED_VARIABLE = YES;
				IPHONEOS_DEPLOYMENT_TARGET = 11.4;
				MTL_ENABLE_DEBUG_INFO = NO;
				SDKROOT = iphoneos;
				SWIFT_COMPILATION_MODE = wholemodule;
				SWIFT_OPTIMIZATION_LEVEL = "-O";
				VALIDATE_PRODUCT = YES;
			};
			name = Release;
		};
		304CF6A821157961005E3959 /* Debug */ = {
			isa = XCBuildConfiguration;
			baseConfigurationReference = F231919949166DE31B8D03AC /* Pods-Podcast2.debug.xcconfig */;
			buildSettings = {
				ASSETCATALOG_COMPILER_APPICON_NAME = AppIcon;
				CODE_SIGN_STYLE = Automatic;
				DEVELOPMENT_TEAM = 9JLW53268K;
				INFOPLIST_FILE = Podcast2/Info.plist;
				LD_RUNPATH_SEARCH_PATHS = (
					"$(inherited)",
					"@executable_path/Frameworks",
				);
				PRODUCT_BUNDLE_IDENTIFIER = com.takatakayone.Podcast2;
				PRODUCT_NAME = "$(TARGET_NAME)";
				SWIFT_VERSION = 4.0;
				TARGETED_DEVICE_FAMILY = "1,2";
			};
			name = Debug;
		};
		304CF6A921157961005E3959 /* Release */ = {
			isa = XCBuildConfiguration;
			baseConfigurationReference = 5C51551CC2759291C9337EB2 /* Pods-Podcast2.release.xcconfig */;
			buildSettings = {
				ASSETCATALOG_COMPILER_APPICON_NAME = AppIcon;
				CODE_SIGN_STYLE = Automatic;
				DEVELOPMENT_TEAM = 9JLW53268K;
				INFOPLIST_FILE = Podcast2/Info.plist;
				LD_RUNPATH_SEARCH_PATHS = (
					"$(inherited)",
					"@executable_path/Frameworks",
				);
				PRODUCT_BUNDLE_IDENTIFIER = com.takatakayone.Podcast2;
				PRODUCT_NAME = "$(TARGET_NAME)";
				SWIFT_VERSION = 4.0;
				TARGETED_DEVICE_FAMILY = "1,2";
			};
			name = Release;
		};
/* End XCBuildConfiguration section */

/* Begin XCConfigurationList section */
		304CF6902115795F005E3959 /* Build configuration list for PBXProject "Podcast2" */ = {
			isa = XCConfigurationList;
			buildConfigurations = (
				304CF6A521157961005E3959 /* Debug */,
				304CF6A621157961005E3959 /* Release */,
			);
			defaultConfigurationIsVisible = 0;
			defaultConfigurationName = Release;
		};
		304CF6A721157961005E3959 /* Build configuration list for PBXNativeTarget "Podcast2" */ = {
			isa = XCConfigurationList;
			buildConfigurations = (
				304CF6A821157961005E3959 /* Debug */,
				304CF6A921157961005E3959 /* Release */,
			);
			defaultConfigurationIsVisible = 0;
			defaultConfigurationName = Release;
		};
/* End XCConfigurationList section */
	};
	rootObject = 304CF68D2115795F005E3959 /* Project object */;
}
